
Microsoft Visual Studio Solution File, Format Version 12.00
# Visual Studio Version 16
VisualStudioVersion = 16.0.31729.503
MinimumVisualStudioVersion = 10.0.40219.1
Project("{8BC9CEB8-8B4A-11D0-8D11-00A0C91BC942}") = "Lab_6_2(iter)", "Lab_6_2(iter)\Lab_6_2(iter).vcxproj", "{555E06C9-3D78-481F-901D-FD231E3E00D4}"
EndProject
Project("{8BC9CEB8-8B4A-11D0-8D11-00A0C91BC942}") = "UnitTest_6_2(iter)", "UnitTest_6_2(iter)\UnitTest_6_2(iter).vcxproj", "{601EB113-6302-4636-BA60-C56B5753DD73}"
EndProject
Global
	GlobalSection(SolutionConfigurationPlatforms) = preSolution
		Debug|x64 = Debug|x64
		Debug|x86 = Debug|x86
		Release|x64 = Release|x64
		Release|x86 = Release|x86
	EndGlobalSection
	GlobalSection(ProjectConfigurationPlatforms) = postSolution
		{555E06C9-3D78-481F-901D-FD231E3E00D4}.Debug|x64.ActiveCfg = Debug|x64
		{555E06C9-3D78-481F-901D-FD231E3E00D4}.Debug|x64.Build.0 = Debug|x64
		{555E06C9-3D78-481F-901D-FD231E3E00D4}.Debug|x86.ActiveCfg = Debug|Win32
		{555E06C9-3D78-481F-901D-FD231E3E00D4}.Debug|x86.Build.0 = Debug|Win32
		{555E06C9-3D78-481F-901D-FD231E3E00D4}.Release|x64.ActiveCfg = Release|x64
		{555E06C9-3D78-481F-901D-FD231E3E00D4}.Release|x64.Build.0 = Release|x64
		{555E06C9-3D78-481F-901D-FD231E3E00D4}.Release|x86.ActiveCfg = Release|Win32
		{555E06C9-3D78-481F-901D-FD231E3E00D4}.Release|x86.Build.0 = Release|Win32
		{601EB113-6302-4636-BA60-C56B5753DD73}.Debug|x64.ActiveCfg = Debug|x64
		{601EB113-6302-4636-BA60-C56B5753DD73}.Debug|x64.Build.0 = Debug|x64
		{601EB113-6302-4636-BA60-C56B5753DD73}.Debug|x86.ActiveCfg = Debug|Win32
		{601EB113-6302-4636-BA60-C56B5753DD73}.Debug|x86.Build.0 = Debug|Win32
		{601EB113-6302-4636-BA60-C56B5753DD73}.Release|x64.ActiveCfg = Release|x64
		{601EB113-6302-4636-BA60-C56B5753DD73}.Release|x64.Build.0 = Release|x64
		{601EB113-6302-4636-BA60-C56B5753DD73}.Release|x86.ActiveCfg = Release|Win32
		{601EB113-6302-4636-BA60-C56B5753DD73}.Release|x86.Build.0 = Release|Win32
	EndGlobalSection
	GlobalSection(SolutionProperties) = preSolution
		HideSolutionNode = FALSE
	EndGlobalSection
	GlobalSection(ExtensibilityGlobals) = postSolution
		SolutionGuid = {AC4E7ED1-D09A-47FE-8C72-FC76E65BEA5D}
	EndGlobalSection
EndGlobal
